
Microsoft Visual Studio Solution File, Format Version 12.00
# Visual Studio Version 17
VisualStudioVersion = 17.13.35919.96 d17.13
MinimumVisualStudioVersion = 10.0.40219.1
Project("{FAE04EC0-301F-11D3-BF4B-00C04F79EFBC}") = "Ace NDT v2", "Ace NDT v2.csproj", "{BD73F169-1823-4DCC-8AA7-E41545356569}"
EndProject
Global
	GlobalSection(SolutionConfigurationPlatforms) = preSolution
		Debug|Any CPU = Debug|Any CPU
		Release|Any CPU = Release|Any CPU
	EndGlobalSection
	GlobalSection(ProjectConfigurationPlatforms) = postSolution
		{BD73F169-1823-4DCC-8AA7-E41545356569}.Debug|Any CPU.ActiveCfg = Debug|Any CPU
		{BD73F169-1823-4DCC-8AA7-E41545356569}.Debug|Any CPU.Build.0 = Debug|Any CPU
		{BD73F169-1823-4DCC-8AA7-E41545356569}.Release|Any CPU.ActiveCfg = Release|Any CPU
		{BD73F169-1823-4DCC-8AA7-E41545356569}.Release|Any CPU.Build.0 = Release|Any CPU
	EndGlobalSection
	GlobalSection(SolutionProperties) = preSolution
		HideSolutionNode = FALSE
	EndGlobalSection
	GlobalSection(ExtensibilityGlobals) = postSolution
		SolutionGuid = {F2A0A738-75DD-4D4F-8B7E-3420001EB4D3}
	EndGlobalSection
EndGlobal
